// !$*UTF8*$!
{
	archiveVersion = 1;
	classes = {
	};
	objectVersion = 56;
	objects = {

/* Begin PBXBuildFile section */
		2A48C0342C100FEC000714F1 /* AppDelegate.swift in Sources */ = {isa = PBXBuildFile; fileRef = 2A48C0332C100FEC000714F1 /* AppDelegate.swift */; };
		2A48C0362C100FEC000714F1 /* SceneDelegate.swift in Sources */ = {isa = PBXBuildFile; fileRef = 2A48C0352C100FEC000714F1 /* SceneDelegate.swift */; };
		2A48C03D2C100FED000714F1 /* Assets.xcassets in Resources */ = {isa = PBXBuildFile; fileRef = 2A48C03C2C100FED000714F1 /* Assets.xcassets */; };
		2A48C0402C100FED000714F1 /* LaunchScreen.storyboard in Resources */ = {isa = PBXBuildFile; fileRef = 2A48C03E2C100FED000714F1 /* LaunchScreen.storyboard */; };
		2A48C0482C101025000714F1 /* HumanBodyPose3DDetector.swift in Sources */ = {isa = PBXBuildFile; fileRef = 2A48C0472C101025000714F1 /* HumanBodyPose3DDetector.swift */; };
		2A48C04A2C10109D000714F1 /* HumanBodyPoseImageModel.swift in Sources */ = {isa = PBXBuildFile; fileRef = 2A48C0492C10109D000714F1 /* HumanBodyPoseImageModel.swift */; };
		2A48C04D2C10119C000714F1 /* HumanBodySkeletonRenderer.swift in Sources */ = {isa = PBXBuildFile; fileRef = 2A48C04C2C10119C000714F1 /* HumanBodySkeletonRenderer.swift */; };
		2A48C0562C10277A000714F1 /* PhotoSelectorViewController.swift in Sources */ = {isa = PBXBuildFile; fileRef = 2A48C0552C10277A000714F1 /* PhotoSelectorViewController.swift */; };
		2AAC82642C10467100FDAF58 /* SkeletonSceneViewController.swift in Sources */ = {isa = PBXBuildFile; fileRef = 2AAC82632C10467100FDAF58 /* SkeletonSceneViewController.swift */; };
/* End PBXBuildFile section */

/* Begin PBXFileReference section */
		2A48C0302C100FEC000714F1 /* 3dPoseApp.app */ = {isa = PBXFileReference; explicitFileType = wrapper.application; includeInIndex = 0; path = 3dPoseApp.app; sourceTree = BUILT_PRODUCTS_DIR; };
		2A48C0332C100FEC000714F1 /* AppDelegate.swift */ = {isa = PBXFileReference; lastKnownFileType = sourcecode.swift; path = AppDelegate.swift; sourceTree = "<group>"; };
		2A48C0352C100FEC000714F1 /* SceneDelegate.swift */ = {isa = PBXFileReference; lastKnownFileType = sourcecode.swift; path = SceneDelegate.swift; sourceTree = "<group>"; };
		2A48C03C2C100FED000714F1 /* Assets.xcassets */ = {isa = PBXFileReference; lastKnownFileType = folder.assetcatalog; path = Assets.xcassets; sourceTree = "<group>"; };
		2A48C03F2C100FED000714F1 /* Base */ = {isa = PBXFileReference; lastKnownFileType = file.storyboard; name = Base; path = Base.lproj/LaunchScreen.storyboard; sourceTree = "<group>"; };
		2A48C0412C100FED000714F1 /* Info.plist */ = {isa = PBXFileReference; lastKnownFileType = text.plist.xml; path = Info.plist; sourceTree = "<group>"; };
		2A48C0472C101025000714F1 /* HumanBodyPose3DDetector.swift */ = {isa = PBXFileReference; lastKnownFileType = sourcecode.swift; path = HumanBodyPose3DDetector.swift; sourceTree = "<group>"; };
		2A48C0492C10109D000714F1 /* HumanBodyPoseImageModel.swift */ = {isa = PBXFileReference; lastKnownFileType = sourcecode.swift; path = HumanBodyPoseImageModel.swift; sourceTree = "<group>"; };
		2A48C04C2C10119C000714F1 /* HumanBodySkeletonRenderer.swift */ = {isa = PBXFileReference; lastKnownFileType = sourcecode.swift; path = HumanBodySkeletonRenderer.swift; sourceTree = "<group>"; };
		2A48C0552C10277A000714F1 /* PhotoSelectorViewController.swift */ = {isa = PBXFileReference; lastKnownFileType = sourcecode.swift; path = PhotoSelectorViewController.swift; sourceTree = "<group>"; };
		2AAC82632C10467100FDAF58 /* SkeletonSceneViewController.swift */ = {isa = PBXFileReference; lastKnownFileType = sourcecode.swift; path = SkeletonSceneViewController.swift; sourceTree = "<group>"; };
/* End PBXFileReference section */

/* Begin PBXFrameworksBuildPhase section */
		2A48C02D2C100FEC000714F1 /* Frameworks */ = {
			isa = PBXFrameworksBuildPhase;
			buildActionMask = 2147483647;
			files = (
			);
			runOnlyForDeploymentPostprocessing = 0;
		};
/* End PBXFrameworksBuildPhase section */

/* Begin PBXGroup section */
		2A48C0272C100FEC000714F1 = {
			isa = PBXGroup;
			children = (
				2A48C0322C100FEC000714F1 /* 3dPoseApp */,
				2A48C0312C100FEC000714F1 /* Products */,
			);
			sourceTree = "<group>";
		};
		2A48C0312C100FEC000714F1 /* Products */ = {
			isa = PBXGroup;
			children = (
				2A48C0302C100FEC000714F1 /* 3dPoseApp.app */,
			);
			name = Products;
			sourceTree = "<group>";
		};
		2A48C0322C100FEC000714F1 /* 3dPoseApp */ = {
			isa = PBXGroup;
			children = (
				2A48C0332C100FEC000714F1 /* AppDelegate.swift */,
				2A48C0352C100FEC000714F1 /* SceneDelegate.swift */,
				2A48C04E2C1011B0000714F1 /* Models */,
				2A48C04B2C101193000714F1 /* Views */,
				2A48C0592C1027A6000714F1 /* VC */,
				2A48C03C2C100FED000714F1 /* Assets.xcassets */,
				2A48C03E2C100FED000714F1 /* LaunchScreen.storyboard */,
				2A48C0412C100FED000714F1 /* Info.plist */,
			);
			path = 3dPoseApp;
			sourceTree = "<group>";
		};
		2A48C04B2C101193000714F1 /* Views */ = {
			isa = PBXGroup;
			children = (
				2A48C04C2C10119C000714F1 /* HumanBodySkeletonRenderer.swift */,
			);
			path = Views;
			sourceTree = "<group>";
		};
		2A48C04E2C1011B0000714F1 /* Models */ = {
			isa = PBXGroup;
			children = (
				2A48C0492C10109D000714F1 /* HumanBodyPoseImageModel.swift */,
				2A48C0472C101025000714F1 /* HumanBodyPose3DDetector.swift */,
			);
			path = Models;
			sourceTree = "<group>";
		};
		2A48C0592C1027A6000714F1 /* VC */ = {
			isa = PBXGroup;
			children = (
				2A48C0552C10277A000714F1 /* PhotoSelectorViewController.swift */,
				2AAC82632C10467100FDAF58 /* SkeletonSceneViewController.swift */,
			);
			path = VC;
			sourceTree = "<group>";
		};
/* End PBXGroup section */

/* Begin PBXNativeTarget section */
		2A48C02F2C100FEC000714F1 /* 3dPoseApp */ = {
			isa = PBXNativeTarget;
			buildConfigurationList = 2A48C0442C100FED000714F1 /* Build configuration list for PBXNativeTarget "3dPoseApp" */;
			buildPhases = (
				2A48C02C2C100FEC000714F1 /* Sources */,
				2A48C02D2C100FEC000714F1 /* Frameworks */,
				2A48C02E2C100FEC000714F1 /* Resources */,
			);
			buildRules = (
			);
			dependencies = (
			);
			name = 3dPoseApp;
			productName = 3dPoseApp;
			productReference = 2A48C0302C100FEC000714F1 /* 3dPoseApp.app */;
			productType = "com.apple.product-type.application";
		};
/* End PBXNativeTarget section */

/* Begin PBXProject section */
		2A48C0282C100FEC000714F1 /* Project object */ = {
			isa = PBXProject;
			attributes = {
				BuildIndependentTargetsInParallel = 1;
				LastSwiftUpdateCheck = 1520;
				LastUpgradeCheck = 1520;
				TargetAttributes = {
					2A48C02F2C100FEC000714F1 = {
						CreatedOnToolsVersion = 15.2;
					};
				};
			};
			buildConfigurationList = 2A48C02B2C100FEC000714F1 /* Build configuration list for PBXProject "3dPoseApp" */;
			compatibilityVersion = "Xcode 14.0";
			developmentRegion = en;
			hasScannedForEncodings = 0;
			knownRegions = (
				en,
				Base,
			);
			mainGroup = 2A48C0272C100FEC000714F1;
			productRefGroup = 2A48C0312C100FEC000714F1 /* Products */;
			projectDirPath = "";
			projectRoot = "";
			targets = (
				2A48C02F2C100FEC000714F1 /* 3dPoseApp */,
			);
		};
/* End PBXProject section */

/* Begin PBXResourcesBuildPhase section */
		2A48C02E2C100FEC000714F1 /* Resources */ = {
			isa = PBXResourcesBuildPhase;
			buildActionMask = 2147483647;
			files = (
				2A48C0402C100FED000714F1 /* LaunchScreen.storyboard in Resources */,
				2A48C03D2C100FED000714F1 /* Assets.xcassets in Resources */,
			);
			runOnlyForDeploymentPostprocessing = 0;
		};
/* End PBXResourcesBuildPhase section */

/* Begin PBXSourcesBuildPhase section */
		2A48C02C2C100FEC000714F1 /* Sources */ = {
			isa = PBXSourcesBuildPhase;
			buildActionMask = 2147483647;
			files = (
				2A48C04A2C10109D000714F1 /* HumanBodyPoseImageModel.swift in Sources */,
				2A48C04D2C10119C000714F1 /* HumanBodySkeletonRenderer.swift in Sources */,
				2AAC82642C10467100FDAF58 /* SkeletonSceneViewController.swift in Sources */,
				2A48C0342C100FEC000714F1 /* AppDelegate.swift in Sources */,
				2A48C0362C100FEC000714F1 /* SceneDelegate.swift in Sources */,
				2A48C0562C10277A000714F1 /* PhotoSelectorViewController.swift in Sources */,
				2A48C0482C101025000714F1 /* HumanBodyPose3DDetector.swift in Sources */,
			);
			runOnlyForDeploymentPostprocessing = 0;
		};
/* End PBXSourcesBuildPhase section */

/* Begin PBXVariantGroup section */
		2A48C03E2C100FED000714F1 /* LaunchScreen.storyboard */ = {
			isa = PBXVariantGroup;
			children = (
				2A48C03F2C100FED000714F1 /* Base */,
			);
			name = LaunchScreen.storyboard;
			sourceTree = "<group>";
		};
/* End PBXVariantGroup section */

/* Begin XCBuildConfiguration section */
		2A48C0422C100FED000714F1 /* Debug */ = {
			isa = XCBuildConfiguration;
			buildSettings = {
				ALWAYS_SEARCH_USER_PATHS = NO;
				ASSETCATALOG_COMPILER_GENERATE_SWIFT_ASSET_SYMBOL_EXTENSIONS = YES;
				CLANG_ANALYZER_NONNULL = YES;
				CLANG_ANALYZER_NUMBER_OBJECT_CONVERSION = YES_AGGRESSIVE;
				CLANG_CXX_LANGUAGE_STANDARD = "gnu++20";
				CLANG_ENABLE_MODULES = YES;
				CLANG_ENABLE_OBJC_ARC = YES;
				CLANG_ENABLE_OBJC_WEAK = YES;
				CLANG_WARN_BLOCK_CAPTURE_AUTORELEASING = YES;
				CLANG_WARN_BOOL_CONVERSION = YES;
				CLANG_WARN_COMMA = YES;
				CLANG_WARN_CONSTANT_CONVERSION = YES;
				CLANG_WARN_DEPRECATED_OBJC_IMPLEMENTATIONS = YES;
				CLANG_WARN_DIRECT_OBJC_ISA_USAGE = YES_ERROR;
				CLANG_WARN_DOCUMENTATION_COMMENTS = YES;
				CLANG_WARN_EMPTY_BODY = YES;
				CLANG_WARN_ENUM_CONVERSION = YES;
				CLANG_WARN_INFINITE_RECURSION = YES;
				CLANG_WARN_INT_CONVERSION = YES;
				CLANG_WARN_NON_LITERAL_NULL_CONVERSION = YES;
				CLANG_WARN_OBJC_IMPLICIT_RETAIN_SELF = YES;
				CLANG_WARN_OBJC_LITERAL_CONVERSION = YES;
				CLANG_WARN_OBJC_ROOT_CLASS = YES_ERROR;
				CLANG_WARN_QUOTED_INCLUDE_IN_FRAMEWORK_HEADER = YES;
				CLANG_WARN_RANGE_LOOP_ANALYSIS = YES;
				CLANG_WARN_STRICT_PROTOTYPES = YES;
				CLANG_WARN_SUSPICIOUS_MOVE = YES;
				CLANG_WARN_UNGUARDED_AVAILABILITY = YES_AGGRESSIVE;
				CLANG_WARN_UNREACHABLE_CODE = YES;
				CLANG_WARN__DUPLICATE_METHOD_MATCH = YES;
				COPY_PHASE_STRIP = NO;
				DEBUG_INFORMATION_FORMAT = dwarf;
				ENABLE_STRICT_OBJC_MSGSEND = YES;
				ENABLE_TESTABILITY = YES;
				ENABLE_USER_SCRIPT_SANDBOXING = YES;
				GCC_C_LANGUAGE_STANDARD = gnu17;
				GCC_DYNAMIC_NO_PIC = NO;
				GCC_NO_COMMON_BLOCKS = YES;
				GCC_OPTIMIZATION_LEVEL = 0;
				GCC_PREPROCESSOR_DEFINITIONS = (
					"DEBUG=1",
					"$(inherited)",
				);
				GCC_WARN_64_TO_32_BIT_CONVERSION = YES;
				GCC_WARN_ABOUT_RETURN_TYPE = YES_ERROR;
				GCC_WARN_UNDECLARED_SELECTOR = YES;
				GCC_WARN_UNINITIALIZED_AUTOS = YES_AGGRESSIVE;
				GCC_WARN_UNUSED_FUNCTION = YES;
				GCC_WARN_UNUSED_VARIABLE = YES;
				IPHONEOS_DEPLOYMENT_TARGET = 17.2;
				LOCALIZATION_PREFERS_STRING_CATALOGS = YES;
				MTL_ENABLE_DEBUG_INFO = INCLUDE_SOURCE;
				MTL_FAST_MATH = YES;
				ONLY_ACTIVE_ARCH = YES;
				SDKROOT = iphoneos;
				SWIFT_ACTIVE_COMPILATION_CONDITIONS = "DEBUG $(inherited)";
				SWIFT_OPTIMIZATION_LEVEL = "-Onone";
			};
			name = Debug;
		};
		2A48C0432C100FED000714F1 /* Release */ = {
			isa = XCBuildConfiguration;
			buildSettings = {
				ALWAYS_SEARCH_USER_PATHS = NO;
				ASSETCATALOG_COMPILER_GENERATE_SWIFT_ASSET_SYMBOL_EXTENSIONS = YES;
				CLANG_ANALYZER_NONNULL = YES;
				CLANG_ANALYZER_NUMBER_OBJECT_CONVERSION = YES_AGGRESSIVE;
				CLANG_CXX_LANGUAGE_STANDARD = "gnu++20";
				CLANG_ENABLE_MODULES = YES;
				CLANG_ENABLE_OBJC_ARC = YES;
				CLANG_ENABLE_OBJC_WEAK = YES;
				CLANG_WARN_BLOCK_CAPTURE_AUTORELEASING = YES;
				CLANG_WARN_BOOL_CONVERSION = YES;
				CLANG_WARN_COMMA = YES;
				CLANG_WARN_CONSTANT_CONVERSION = YES;
				CLANG_WARN_DEPRECATED_OBJC_IMPLEMENTATIONS = YES;
				CLANG_WARN_DIRECT_OBJC_ISA_USAGE = YES_ERROR;
				CLANG_WARN_DOCUMENTATION_COMMENTS = YES;
				CLANG_WARN_EMPTY_BODY = YES;
				CLANG_WARN_ENUM_CONVERSION = YES;
				CLANG_WARN_INFINITE_RECURSION = YES;
				CLANG_WARN_INT_CONVERSION = YES;
				CLANG_WARN_NON_LITERAL_NULL_CONVERSION = YES;
				CLANG_WARN_OBJC_IMPLICIT_RETAIN_SELF = YES;
				CLANG_WARN_OBJC_LITERAL_CONVERSION = YES;
				CLANG_WARN_OBJC_ROOT_CLASS = YES_ERROR;
				CLANG_WARN_QUOTED_INCLUDE_IN_FRAMEWORK_HEADER = YES;
				CLANG_WARN_RANGE_LOOP_ANALYSIS = YES;
				CLANG_WARN_STRICT_PROTOTYPES = YES;
				CLANG_WARN_SUSPICIOUS_MOVE = YES;
				CLANG_WARN_UNGUARDED_AVAILABILITY = YES_AGGRESSIVE;
				CLANG_WARN_UNREACHABLE_CODE = YES;
				CLANG_WARN__DUPLICATE_METHOD_MATCH = YES;
				COPY_PHASE_STRIP = NO;
				DEBUG_INFORMATION_FORMAT = "dwarf-with-dsym";
				ENABLE_NS_ASSERTIONS = NO;
				ENABLE_STRICT_OBJC_MSGSEND = YES;
				ENABLE_USER_SCRIPT_SANDBOXING = YES;
				GCC_C_LANGUAGE_STANDARD = gnu17;
				GCC_NO_COMMON_BLOCKS = YES;
				GCC_WARN_64_TO_32_BIT_CONVERSION = YES;
				GCC_WARN_ABOUT_RETURN_TYPE = YES_ERROR;
				GCC_WARN_UNDECLARED_SELECTOR = YES;
				GCC_WARN_UNINITIALIZED_AUTOS = YES_AGGRESSIVE;
				GCC_WARN_UNUSED_FUNCTION = YES;
				GCC_WARN_UNUSED_VARIABLE = YES;
				IPHONEOS_DEPLOYMENT_TARGET = 17.2;
				LOCALIZATION_PREFERS_STRING_CATALOGS = YES;
				MTL_ENABLE_DEBUG_INFO = NO;
				MTL_FAST_MATH = YES;
				SDKROOT = iphoneos;
				SWIFT_COMPILATION_MODE = wholemodule;
				VALIDATE_PRODUCT = YES;
			};
			name = Release;
		};
		2A48C0452C100FED000714F1 /* Debug */ = {
			isa = XCBuildConfiguration;
			buildSettings = {
				ASSETCATALOG_COMPILER_APPICON_NAME = AppIcon;
				ASSETCATALOG_COMPILER_GLOBAL_ACCENT_COLOR_NAME = AccentColor;
				CODE_SIGN_STYLE = Automatic;
				CURRENT_PROJECT_VERSION = 1;
				DEVELOPMENT_TEAM = 4B47QL89TQ;
				GENERATE_INFOPLIST_FILE = YES;
				INFOPLIST_FILE = 3dPoseApp/Info.plist;
				INFOPLIST_KEY_NSPhotoLibraryUsageDescription = "Allow access to photos to run vision request";
				INFOPLIST_KEY_UIApplicationSupportsIndirectInputEvents = YES;
				INFOPLIST_KEY_UILaunchStoryboardName = LaunchScreen;
				INFOPLIST_KEY_UISupportedInterfaceOrientations_iPad = "UIInterfaceOrientationPortrait UIInterfaceOrientationPortraitUpsideDown UIInterfaceOrientationLandscapeLeft UIInterfaceOrientationLandscapeRight";
				INFOPLIST_KEY_UISupportedInterfaceOrientations_iPhone = "UIInterfaceOrientationPortrait UIInterfaceOrientationLandscapeLeft UIInterfaceOrientationLandscapeRight";
				LD_RUNPATH_SEARCH_PATHS = (
					"$(inherited)",
					"@executable_path/Frameworks",
				);
				MARKETING_VERSION = 1.0;
				PRODUCT_BUNDLE_IDENTIFIER = "com.naver.heejoo-byun.-dPoseApp";
				PRODUCT_NAME = "$(TARGET_NAME)";
				SWIFT_EMIT_LOC_STRINGS = YES;
				SWIFT_VERSION = 5.0;
				TARGETED_DEVICE_FAMILY = "1,2";
			};
			name = Debug;
		};
		2A48C0462C100FED000714F1 /* Release */ = {
			isa = XCBuildConfiguration;
			buildSettings = {
				ASSETCATALOG_COMPILER_APPICON_NAME = AppIcon;
				ASSETCATALOG_COMPILER_GLOBAL_ACCENT_COLOR_NAME = AccentColor;
				CODE_SIGN_STYLE = Automatic;
				CURRENT_PROJECT_VERSION = 1;
				DEVELOPMENT_TEAM = 4B47QL89TQ;
				GENERATE_INFOPLIST_FILE = YES;
				INFOPLIST_FILE = 3dPoseApp/Info.plist;
				INFOPLIST_KEY_NSPhotoLibraryUsageDescription = "Allow access to photos to run vision request";
				INFOPLIST_KEY_UIApplicationSupportsIndirectInputEvents = YES;
				INFOPLIST_KEY_UILaunchStoryboardName = LaunchScreen;
				INFOPLIST_KEY_UISupportedInterfaceOrientations_iPad = "UIInterfaceOrientationPortrait UIInterfaceOrientationPortraitUpsideDown UIInterfaceOrientationLandscapeLeft UIInterfaceOrientationLandscapeRight";
				INFOPLIST_KEY_UISupportedInterfaceOrientations_iPhone = "UIInterfaceOrientationPortrait UIInterfaceOrientationLandscapeLeft UIInterfaceOrientationLandscapeRight";
				LD_RUNPATH_SEARCH_PATHS = (
					"$(inherited)",
					"@executable_path/Frameworks",
				);
				MARKETING_VERSION = 1.0;
				PRODUCT_BUNDLE_IDENTIFIER = "com.naver.heejoo-byun.-dPoseApp";
				PRODUCT_NAME = "$(TARGET_NAME)";
				SWIFT_EMIT_LOC_STRINGS = YES;
				SWIFT_VERSION = 5.0;
				TARGETED_DEVICE_FAMILY = "1,2";
			};
			name = Release;
		};
/* End XCBuildConfiguration section */

/* Begin XCConfigurationList section */
		2A48C02B2C100FEC000714F1 /* Build configuration list for PBXProject "3dPoseApp" */ = {
			isa = XCConfigurationList;
			buildConfigurations = (
				2A48C0422C100FED000714F1 /* Debug */,
				2A48C0432C100FED000714F1 /* Release */,
			);
			defaultConfigurationIsVisible = 0;
			defaultConfigurationName = Release;
		};
		2A48C0442C100FED000714F1 /* Build configuration list for PBXNativeTarget "3dPoseApp" */ = {
			isa = XCConfigurationList;
			buildConfigurations = (
				2A48C0452C100FED000714F1 /* Debug */,
				2A48C0462C100FED000714F1 /* Release */,
			);
			defaultConfigurationIsVisible = 0;
			defaultConfigurationName = Release;
		};
/* End XCConfigurationList section */
	};
	rootObject = 2A48C0282C100FEC000714F1 /* Project object */;
}
